
Microsoft Visual Studio Solution File, Format Version 12.00
# Visual Studio Version 16
VisualStudioVersion = 16.0.28803.202
MinimumVisualStudioVersion = 10.0.40219.1
Project("{FAE04EC0-301F-11D3-BF4B-00C04F79EFBC}") = "LightweightExcelReader.Tests", "LightweightExcelReader.Tests\LightweightExcelReader.Tests.csproj", "{55F781DD-970C-4AD0-AD77-CEE1AB986972}"
EndProject
Project("{9A19103F-16F7-4668-BE54-9A1E7A4F7556}") = "LightweightExcelReader.Benchmarks", "LightweightExcelReader.Benchmarks\LightweightExcelReader.Benchmarks.csproj", "{C6FDE025-1770-4A9F-AAE4-4764F14121A7}"
EndProject
Project("{9A19103F-16F7-4668-BE54-9A1E7A4F7556}") = "LightweightExcelReader", "LightweightExcelReader\LightweightExcelReader.csproj", "{D2584CFD-9A72-4133-9E20-185B48A6EB0A}"
EndProject
Global
	GlobalSection(SolutionConfigurationPlatforms) = preSolution
		Debug|Any CPU = Debug|Any CPU
		Release|Any CPU = Release|Any CPU
	EndGlobalSection
	GlobalSection(ProjectConfigurationPlatforms) = postSolution
		{55F781DD-970C-4AD0-AD77-CEE1AB986972}.Debug|Any CPU.ActiveCfg = Debug|Any CPU
		{55F781DD-970C-4AD0-AD77-CEE1AB986972}.Debug|Any CPU.Build.0 = Debug|Any CPU
		{55F781DD-970C-4AD0-AD77-CEE1AB986972}.Release|Any CPU.ActiveCfg = Release|Any CPU
		{55F781DD-970C-4AD0-AD77-CEE1AB986972}.Release|Any CPU.Build.0 = Release|Any CPU
		{C6FDE025-1770-4A9F-AAE4-4764F14121A7}.Debug|Any CPU.ActiveCfg = Debug|Any CPU
		{C6FDE025-1770-4A9F-AAE4-4764F14121A7}.Debug|Any CPU.Build.0 = Debug|Any CPU
		{C6FDE025-1770-4A9F-AAE4-4764F14121A7}.Release|Any CPU.ActiveCfg = Release|Any CPU
		{C6FDE025-1770-4A9F-AAE4-4764F14121A7}.Release|Any CPU.Build.0 = Release|Any CPU
		{D2584CFD-9A72-4133-9E20-185B48A6EB0A}.Debug|Any CPU.ActiveCfg = Debug|Any CPU
		{D2584CFD-9A72-4133-9E20-185B48A6EB0A}.Debug|Any CPU.Build.0 = Debug|Any CPU
		{D2584CFD-9A72-4133-9E20-185B48A6EB0A}.Release|Any CPU.ActiveCfg = Release|Any CPU
		{D2584CFD-9A72-4133-9E20-185B48A6EB0A}.Release|Any CPU.Build.0 = Release|Any CPU
	EndGlobalSection
	GlobalSection(SolutionProperties) = preSolution
		HideSolutionNode = FALSE
	EndGlobalSection
	GlobalSection(ExtensibilityGlobals) = postSolution
		SolutionGuid = {931DFF59-627C-45AD-B1E9-E9D83FC1EACE}
	EndGlobalSection
EndGlobal
